
Microsoft Visual Studio Solution File, Format Version 12.00
# Visual Studio Version 16
VisualStudioVersion = 16.0.29230.47
MinimumVisualStudioVersion = 10.0.40219.1
Project("{FAE04EC0-301F-11D3-BF4B-00C04F79EFBC}") = "MyConsoleApp", "MyConsoleApp\MyConsoleApp.csproj", "{2C597472-FDA1-4D10-8F14-9986BDD0F4B5}"
EndProject
Project("{FAE04EC0-301F-11D3-BF4B-00C04F79EFBC}") = "WinServicePraf", "WinServicePraf\WinServicePraf.csproj", "{3BF74CA7-5C31-4170-A79D-A78206597404}"
EndProject
Project("{FAE04EC0-301F-11D3-BF4B-00C04F79EFBC}") = "CA1", "CA1\CA1.csproj", "{07308658-0E09-43EC-A48C-C5C8E25F3F28}"
EndProject
Project("{FAE04EC0-301F-11D3-BF4B-00C04F79EFBC}") = "CA2", "CA2\CA2.csproj", "{EA3320A0-B56F-4C7A-A027-26ED368AA722}"
EndProject
Project("{FAE04EC0-301F-11D3-BF4B-00C04F79EFBC}") = "SimpleWinFormsApp", "SimpleWinFormsApp\SimpleWinFormsApp.csproj", "{076F3721-2947-4535-9897-0D5991981D27}"
EndProject
Project("{FAE04EC0-301F-11D3-BF4B-00C04F79EFBC}") = "MDIApplication", "MDIApplication\MDIApplication.csproj", "{48215F45-6CD2-4509-B536-088D44DD3173}"
EndProject
Global
	GlobalSection(SolutionConfigurationPlatforms) = preSolution
		Debug|Any CPU = Debug|Any CPU
		Release|Any CPU = Release|Any CPU
	EndGlobalSection
	GlobalSection(ProjectConfigurationPlatforms) = postSolution
		{2C597472-FDA1-4D10-8F14-9986BDD0F4B5}.Debug|Any CPU.ActiveCfg = Debug|Any CPU
		{2C597472-FDA1-4D10-8F14-9986BDD0F4B5}.Debug|Any CPU.Build.0 = Debug|Any CPU
		{2C597472-FDA1-4D10-8F14-9986BDD0F4B5}.Release|Any CPU.ActiveCfg = Release|Any CPU
		{2C597472-FDA1-4D10-8F14-9986BDD0F4B5}.Release|Any CPU.Build.0 = Release|Any CPU
		{3BF74CA7-5C31-4170-A79D-A78206597404}.Debug|Any CPU.ActiveCfg = Debug|Any CPU
		{3BF74CA7-5C31-4170-A79D-A78206597404}.Debug|Any CPU.Build.0 = Debug|Any CPU
		{3BF74CA7-5C31-4170-A79D-A78206597404}.Release|Any CPU.ActiveCfg = Release|Any CPU
		{3BF74CA7-5C31-4170-A79D-A78206597404}.Release|Any CPU.Build.0 = Release|Any CPU
		{07308658-0E09-43EC-A48C-C5C8E25F3F28}.Debug|Any CPU.ActiveCfg = Debug|Any CPU
		{07308658-0E09-43EC-A48C-C5C8E25F3F28}.Debug|Any CPU.Build.0 = Debug|Any CPU
		{07308658-0E09-43EC-A48C-C5C8E25F3F28}.Release|Any CPU.ActiveCfg = Release|Any CPU
		{07308658-0E09-43EC-A48C-C5C8E25F3F28}.Release|Any CPU.Build.0 = Release|Any CPU
		{EA3320A0-B56F-4C7A-A027-26ED368AA722}.Debug|Any CPU.ActiveCfg = Debug|Any CPU
		{EA3320A0-B56F-4C7A-A027-26ED368AA722}.Debug|Any CPU.Build.0 = Debug|Any CPU
		{EA3320A0-B56F-4C7A-A027-26ED368AA722}.Release|Any CPU.ActiveCfg = Release|Any CPU
		{EA3320A0-B56F-4C7A-A027-26ED368AA722}.Release|Any CPU.Build.0 = Release|Any CPU
		{076F3721-2947-4535-9897-0D5991981D27}.Debug|Any CPU.ActiveCfg = Debug|Any CPU
		{076F3721-2947-4535-9897-0D5991981D27}.Debug|Any CPU.Build.0 = Debug|Any CPU
		{076F3721-2947-4535-9897-0D5991981D27}.Release|Any CPU.ActiveCfg = Release|Any CPU
		{076F3721-2947-4535-9897-0D5991981D27}.Release|Any CPU.Build.0 = Release|Any CPU
		{48215F45-6CD2-4509-B536-088D44DD3173}.Debug|Any CPU.ActiveCfg = Debug|Any CPU
		{48215F45-6CD2-4509-B536-088D44DD3173}.Debug|Any CPU.Build.0 = Debug|Any CPU
		{48215F45-6CD2-4509-B536-088D44DD3173}.Release|Any CPU.ActiveCfg = Release|Any CPU
		{48215F45-6CD2-4509-B536-088D44DD3173}.Release|Any CPU.Build.0 = Release|Any CPU
	EndGlobalSection
	GlobalSection(SolutionProperties) = preSolution
		HideSolutionNode = FALSE
	EndGlobalSection
	GlobalSection(ExtensibilityGlobals) = postSolution
		SolutionGuid = {599326BE-B6B0-4A88-90E5-06B98F14D126}
	EndGlobalSection
EndGlobal
